
Microsoft Visual Studio Solution File, Format Version 12.00
# Visual Studio Version 17
VisualStudioVersion = 17.9.34728.123
MinimumVisualStudioVersion = 10.0.40219.1
Project("{8BC9CEB8-8B4A-11D0-8D11-00A0C91BC942}") = "BootCamp_Aux_2_2024", "BootCamp_Aux_2_2024\BootCamp_Aux_2_2024.vcxproj", "{0937E63E-CBDF-4EA5-8B18-7C17D5D8C9DC}"
EndProject
Global
	GlobalSection(SolutionConfigurationPlatforms) = preSolution
		Debug|x64 = Debug|x64
		Debug|x86 = Debug|x86
		Release|x64 = Release|x64
		Release|x86 = Release|x86
	EndGlobalSection
	GlobalSection(ProjectConfigurationPlatforms) = postSolution
		{0937E63E-CBDF-4EA5-8B18-7C17D5D8C9DC}.Debug|x64.ActiveCfg = Debug|x64
		{0937E63E-CBDF-4EA5-8B18-7C17D5D8C9DC}.Debug|x64.Build.0 = Debug|x64
		{0937E63E-CBDF-4EA5-8B18-7C17D5D8C9DC}.Debug|x86.ActiveCfg = Debug|Win32
		{0937E63E-CBDF-4EA5-8B18-7C17D5D8C9DC}.Debug|x86.Build.0 = Debug|Win32
		{0937E63E-CBDF-4EA5-8B18-7C17D5D8C9DC}.Release|x64.ActiveCfg = Release|x64
		{0937E63E-CBDF-4EA5-8B18-7C17D5D8C9DC}.Release|x64.Build.0 = Release|x64
		{0937E63E-CBDF-4EA5-8B18-7C17D5D8C9DC}.Release|x86.ActiveCfg = Release|Win32
		{0937E63E-CBDF-4EA5-8B18-7C17D5D8C9DC}.Release|x86.Build.0 = Release|Win32
	EndGlobalSection
	GlobalSection(SolutionProperties) = preSolution
		HideSolutionNode = FALSE
	EndGlobalSection
	GlobalSection(ExtensibilityGlobals) = postSolution
		SolutionGuid = {DDC7222C-C4F0-4F93-A6B1-A1877F93DC31}
	EndGlobalSection
EndGlobal
