<?xml version="1.0" encoding="utf-8"?>
<Project ToolsVersion="4.0" xmlns="http://schemas.microsoft.com/developer/msbuild/2003">
  <ItemGroup>
    <Filter Include="Source Files">
      <UniqueIdentifier>{4FC737F1-C7A5-4376-A066-2A32D752A2FF}</UniqueIdentifier>
      <Extensions>cpp;c;cc;cxx;c++;cppm;ixx;def;odl;idl;hpj;bat;asm;asmx</Extensions>
    </Filter>
    <Filter Include="Header Files">
      <UniqueIdentifier>{93995380-89BD-4b04-88EB-625FBE52EBFB}</UniqueIdentifier>
      <Extensions>h;hh;hpp;hxx;h++;hm;inl;inc;ipp;xsd</Extensions>
    </Filter>
    <Filter Include="Resource Files">
      <UniqueIdentifier>{67DA6AB6-F800-4c08-8B7A-83BB121AAD01}</UniqueIdentifier>
      <Extensions>rc;ico;cur;bmp;dlg;rc2;rct;bin;rgs;gif;jpg;jpeg;jpe;resx;tiff;tif;png;wav;mfcribbon-ms</Extensions>
    </Filter>
    <Filter Include="Source Files\Punteros">
      <UniqueIdentifier>{f564788e-3243-40d9-8b93-6e57de5c65d2}</UniqueIdentifier>
    </Filter>
    <Filter Include="Source Files\Impresora">
      <UniqueIdentifier>{fcc25165-1e48-4f61-8f1d-5963bd7e54cf}</UniqueIdentifier>
    </Filter>
    <Filter Include="Source Files\TableroDigital">
      <UniqueIdentifier>{ceafb250-fbe5-4acb-9a51-6a60b165d2b6}</UniqueIdentifier>
    </Filter>
    <Filter Include="Header Files\TableroDigital">
      <UniqueIdentifier>{cc664188-5873-4c3c-9ae4-d428b824735a}</UniqueIdentifier>
    </Filter>
    <Filter Include="Source Files\EjerciciosPrimerExamen">
      <UniqueIdentifier>{a8a19d30-1d64-49ea-9fea-2353bbe60835}</UniqueIdentifier>
    </Filter>
    <Filter Include="Source Files\Herencia">
      <UniqueIdentifier>{8a5f0300-9e2d-4017-a248-6e3cd340ad19}</UniqueIdentifier>
    </Filter>
    <Filter Include="Source Files\2Parcial">
      <UniqueIdentifier>{db522b3c-c696-4832-a2fc-e561cb31cff6}</UniqueIdentifier>
    </Filter>
  </ItemGroup>
  <ItemGroup>
    <ClCompile Include="BootCamp_Aux_2_2024.cpp">
      <Filter>Source Files</Filter>
    </ClCompile>
    <ClCompile Include="Punteros_Referencias.cpp">
      <Filter>Source Files\Punteros</Filter>
    </ClCompile>
    <ClCompile Include="Impresora.cpp">
      <Filter>Source Files\Impresora</Filter>
    </ClCompile>
    <ClCompile Include="Digito.cpp">
      <Filter>Source Files\TableroDigital</Filter>
    </ClCompile>
    <ClCompile Include="Dibujador.cpp">
      <Filter>Source Files\TableroDigital</Filter>
    </ClCompile>
    <ClCompile Include="Manejador.cpp">
      <Filter>Source Files\TableroDigital</Filter>
    </ClCompile>
    <ClCompile Include="CuentaBancaria.cpp">
      <Filter>Source Files\EjerciciosPrimerExamen</Filter>
    </ClCompile>
    <ClCompile Include="Persona.cpp">
      <Filter>Source Files\Herencia</Filter>
    </ClCompile>
    <ClCompile Include="Ejemplos.cpp">
      <Filter>Source Files\2Parcial</Filter>
    </ClCompile>
    <ClCompile Include="Practica.cpp">
      <Filter>Source Files\2Parcial</Filter>
    </ClCompile>
    <ClCompile Include="tarea.cpp">
      <Filter>Source Files\2Parcial</Filter>
    </ClCompile>
    <ClCompile Include="2parcials.cpp">
      <Filter>Source Files\2Parcial</Filter>
    </ClCompile>
  </ItemGroup>
  <ItemGroup>
    <ClInclude Include="Digito.h">
      <Filter>Header Files\TableroDigital</Filter>
    </ClInclude>
    <ClInclude Include="Dibujador.h">
      <Filter>Header Files\TableroDigital</Filter>
    </ClInclude>
    <ClInclude Include="Manejador.h">
      <Filter>Header Files</Filter>
    </ClInclude>
  </ItemGroup>
</Project>